
Microsoft Visual Studio Solution File, Format Version 12.00
# Visual Studio Version 16
VisualStudioVersion = 16.0.29306.81
MinimumVisualStudioVersion = 10.0.40219.1
Project("{FAE04EC0-301F-11D3-BF4B-00C04F79EFBC}") = "Downloader", "ConsoleApp15\Downloader.csproj", "{9DA9354E-E98F-4119-A35B-6B25ED31ECF0}"
EndProject
Project("{FAE04EC0-301F-11D3-BF4B-00C04F79EFBC}") = "Saver", "Saver\Saver.csproj", "{EDE96407-132D-4578-8608-BCF84390FC90}"
EndProject
Global
	GlobalSection(SolutionConfigurationPlatforms) = preSolution
		Debug|Any CPU = Debug|Any CPU
		Release|Any CPU = Release|Any CPU
	EndGlobalSection
	GlobalSection(ProjectConfigurationPlatforms) = postSolution
		{9DA9354E-E98F-4119-A35B-6B25ED31ECF0}.Debug|Any CPU.ActiveCfg = Debug|Any CPU
		{9DA9354E-E98F-4119-A35B-6B25ED31ECF0}.Debug|Any CPU.Build.0 = Debug|Any CPU
		{9DA9354E-E98F-4119-A35B-6B25ED31ECF0}.Release|Any CPU.ActiveCfg = Release|Any CPU
		{9DA9354E-E98F-4119-A35B-6B25ED31ECF0}.Release|Any CPU.Build.0 = Release|Any CPU
		{EDE96407-132D-4578-8608-BCF84390FC90}.Debug|Any CPU.ActiveCfg = Debug|Any CPU
		{EDE96407-132D-4578-8608-BCF84390FC90}.Debug|Any CPU.Build.0 = Debug|Any CPU
		{EDE96407-132D-4578-8608-BCF84390FC90}.Release|Any CPU.ActiveCfg = Release|Any CPU
		{EDE96407-132D-4578-8608-BCF84390FC90}.Release|Any CPU.Build.0 = Release|Any CPU
	EndGlobalSection
	GlobalSection(SolutionProperties) = preSolution
		HideSolutionNode = FALSE
	EndGlobalSection
	GlobalSection(ExtensibilityGlobals) = postSolution
		SolutionGuid = {EBC25CDE-5650-4847-BEE0-1F9DE6BF2A91}
	EndGlobalSection
EndGlobal
